// !$*UTF8*$!
{
	archiveVersion = 1;
	classes = {
	};
	objectVersion = 50;
	objects = {

/* Begin PBXBuildFile section */
		564F30872257613E00BE141F /* AppDelegate.swift in Sources */ = {isa = PBXBuildFile; fileRef = 564F30862257613E00BE141F /* AppDelegate.swift */; };
		564F30892257613E00BE141F /* ViewController.swift in Sources */ = {isa = PBXBuildFile; fileRef = 564F30882257613E00BE141F /* ViewController.swift */; };
		564F308C2257613E00BE141F /* Main.storyboard in Resources */ = {isa = PBXBuildFile; fileRef = 564F308A2257613E00BE141F /* Main.storyboard */; };
		564F308E2257614000BE141F /* Assets.xcassets in Resources */ = {isa = PBXBuildFile; fileRef = 564F308D2257614000BE141F /* Assets.xcassets */; };
		564F30912257614000BE141F /* LaunchScreen.storyboard in Resources */ = {isa = PBXBuildFile; fileRef = 564F308F2257614000BE141F /* LaunchScreen.storyboard */; };
		56A498562258A5B70034EA58 /* Concentrate.swift in Sources */ = {isa = PBXBuildFile; fileRef = 56A498552258A5B70034EA58 /* Concentrate.swift */; };
		56A498582258A8930034EA58 /* Card.swift in Sources */ = {isa = PBXBuildFile; fileRef = 56A498572258A8930034EA58 /* Card.swift */; };
/* End PBXBuildFile section */

/* Begin PBXFileReference section */
		564F30832257613E00BE141F /* Concentrate.app */ = {isa = PBXFileReference; explicitFileType = wrapper.application; includeInIndex = 0; path = Concentrate.app; sourceTree = BUILT_PRODUCTS_DIR; };
		564F30862257613E00BE141F /* AppDelegate.swift */ = {isa = PBXFileReference; lastKnownFileType = sourcecode.swift; path = AppDelegate.swift; sourceTree = "<group>"; };
		564F30882257613E00BE141F /* ViewController.swift */ = {isa = PBXFileReference; lastKnownFileType = sourcecode.swift; path = ViewController.swift; sourceTree = "<group>"; };
		564F308B2257613E00BE141F /* Base */ = {isa = PBXFileReference; lastKnownFileType = file.storyboard; name = Base; path = Base.lproj/Main.storyboard; sourceTree = "<group>"; };
		564F308D2257614000BE141F /* Assets.xcassets */ = {isa = PBXFileReference; lastKnownFileType = folder.assetcatalog; path = Assets.xcassets; sourceTree = "<group>"; };
		564F30902257614000BE141F /* Base */ = {isa = PBXFileReference; lastKnownFileType = file.storyboard; name = Base; path = Base.lproj/LaunchScreen.storyboard; sourceTree = "<group>"; };
		564F30922257614000BE141F /* Info.plist */ = {isa = PBXFileReference; lastKnownFileType = text.plist.xml; path = Info.plist; sourceTree = "<group>"; };
		56A498552258A5B70034EA58 /* Concentrate.swift */ = {isa = PBXFileReference; lastKnownFileType = sourcecode.swift; path = Concentrate.swift; sourceTree = "<group>"; };
		56A498572258A8930034EA58 /* Card.swift */ = {isa = PBXFileReference; lastKnownFileType = sourcecode.swift; path = Card.swift; sourceTree = "<group>"; };
/* End PBXFileReference section */

/* Begin PBXFrameworksBuildPhase section */
		564F30802257613E00BE141F /* Frameworks */ = {
			isa = PBXFrameworksBuildPhase;
			buildActionMask = 2147483647;
			files = (
			);
			runOnlyForDeploymentPostprocessing = 0;
		};
/* End PBXFrameworksBuildPhase section */

/* Begin PBXGroup section */
		564F307A2257613E00BE141F = {
			isa = PBXGroup;
			children = (
				564F30852257613E00BE141F /* Concentrate */,
				564F30842257613E00BE141F /* Products */,
			);
			sourceTree = "<group>";
		};
		564F30842257613E00BE141F /* Products */ = {
			isa = PBXGroup;
			children = (
				564F30832257613E00BE141F /* Concentrate.app */,
			);
			name = Products;
			sourceTree = "<group>";
		};
		564F30852257613E00BE141F /* Concentrate */ = {
			isa = PBXGroup;
			children = (
				564F30882257613E00BE141F /* ViewController.swift */,
				564F308A2257613E00BE141F /* Main.storyboard */,
				56A498552258A5B70034EA58 /* Concentrate.swift */,
				56A498572258A8930034EA58 /* Card.swift */,
				564F3099225761ED00BE141F /* Supporting Fiels */,
				564F30922257614000BE141F /* Info.plist */,
			);
			path = Concentrate;
			sourceTree = "<group>";
		};
		564F3099225761ED00BE141F /* Supporting Fiels */ = {
			isa = PBXGroup;
			children = (
				564F308D2257614000BE141F /* Assets.xcassets */,
				564F30862257613E00BE141F /* AppDelegate.swift */,
				564F308F2257614000BE141F /* LaunchScreen.storyboard */,
			);
			path = "Supporting Fiels";
			sourceTree = "<group>";
		};
/* End PBXGroup section */

/* Begin PBXNativeTarget section */
		564F30822257613E00BE141F /* Concentrate */ = {
			isa = PBXNativeTarget;
			buildConfigurationList = 564F30952257614000BE141F /* Build configuration list for PBXNativeTarget "Concentrate" */;
			buildPhases = (
				564F307F2257613E00BE141F /* Sources */,
				564F30802257613E00BE141F /* Frameworks */,
				564F30812257613E00BE141F /* Resources */,
			);
			buildRules = (
			);
			dependencies = (
			);
			name = Concentrate;
			productName = Concentrate;
			productReference = 564F30832257613E00BE141F /* Concentrate.app */;
			productType = "com.apple.product-type.application";
		};
/* End PBXNativeTarget section */

/* Begin PBXProject section */
		564F307B2257613E00BE141F /* Project object */ = {
			isa = PBXProject;
			attributes = {
				LastSwiftUpdateCheck = 1020;
				LastUpgradeCheck = 1020;
				ORGANIZATIONNAME = "Kasra Daneshvar";
				TargetAttributes = {
					564F30822257613E00BE141F = {
						CreatedOnToolsVersion = 10.2;
					};
				};
			};
			buildConfigurationList = 564F307E2257613E00BE141F /* Build configuration list for PBXProject "Concentrate" */;
			compatibilityVersion = "Xcode 9.3";
			developmentRegion = en;
			hasScannedForEncodings = 0;
			knownRegions = (
				en,
				Base,
			);
			mainGroup = 564F307A2257613E00BE141F;
			productRefGroup = 564F30842257613E00BE141F /* Products */;
			projectDirPath = "";
			projectRoot = "";
			targets = (
				564F30822257613E00BE141F /* Concentrate */,
			);
		};
/* End PBXProject section */

/* Begin PBXResourcesBuildPhase section */
		564F30812257613E00BE141F /* Resources */ = {
			isa = PBXResourcesBuildPhase;
			buildActionMask = 2147483647;
			files = (
				564F30912257614000BE141F /* LaunchScreen.storyboard in Resources */,
				564F308E2257614000BE141F /* Assets.xcassets in Resources */,
				564F308C2257613E00BE141F /* Main.storyboard in Resources */,
			);
			runOnlyForDeploymentPostprocessing = 0;
		};
/* End PBXResourcesBuildPhase section */

/* Begin PBXSourcesBuildPhase section */
		564F307F2257613E00BE141F /* Sources */ = {
			isa = PBXSourcesBuildPhase;
			buildActionMask = 2147483647;
			files = (
				564F30892257613E00BE141F /* ViewController.swift in Sources */,
				564F30872257613E00BE141F /* AppDelegate.swift in Sources */,
				56A498562258A5B70034EA58 /* Concentrate.swift in Sources */,
				56A498582258A8930034EA58 /* Card.swift in Sources */,
			);
			runOnlyForDeploymentPostprocessing = 0;
		};
/* End PBXSourcesBuildPhase section */

/* Begin PBXVariantGroup section */
		564F308A2257613E00BE141F /* Main.storyboard */ = {
			isa = PBXVariantGroup;
			children = (
				564F308B2257613E00BE141F /* Base */,
			);
			name = Main.storyboard;
			sourceTree = "<group>";
		};
		564F308F2257614000BE141F /* LaunchScreen.storyboard */ = {
			isa = PBXVariantGroup;
			children = (
				564F30902257614000BE141F /* Base */,
			);
			name = LaunchScreen.storyboard;
			sourceTree = "<group>";
		};
/* End PBXVariantGroup section */

/* Begin XCBuildConfiguration section */
		564F30932257614000BE141F /* Debug */ = {
			isa = XCBuildConfiguration;
			buildSettings = {
				ALWAYS_SEARCH_USER_PATHS = NO;
				CLANG_ANALYZER_NONNULL = YES;
				CLANG_ANALYZER_NUMBER_OBJECT_CONVERSION = YES_AGGRESSIVE;
				CLANG_CXX_LANGUAGE_STANDARD = "gnu++14";
				CLANG_CXX_LIBRARY = "libc++";
				CLANG_ENABLE_MODULES = YES;
				CLANG_ENABLE_OBJC_ARC = YES;
				CLANG_ENABLE_OBJC_WEAK = YES;
				CLANG_WARN_BLOCK_CAPTURE_AUTORELEASING = YES;
				CLANG_WARN_BOOL_CONVERSION = YES;
				CLANG_WARN_COMMA = YES;
				CLANG_WARN_CONSTANT_CONVERSION = YES;
				CLANG_WARN_DEPRECATED_OBJC_IMPLEMENTATIONS = YES;
				CLANG_WARN_DIRECT_OBJC_ISA_USAGE = YES_ERROR;
				CLANG_WARN_DOCUMENTATION_COMMENTS = YES;
				CLANG_WARN_EMPTY_BODY = YES;
				CLANG_WARN_ENUM_CONVERSION = YES;
				CLANG_WARN_INFINITE_RECURSION = YES;
				CLANG_WARN_INT_CONVERSION = YES;
				CLANG_WARN_NON_LITERAL_NULL_CONVERSION = YES;
				CLANG_WARN_OBJC_IMPLICIT_RETAIN_SELF = YES;
				CLANG_WARN_OBJC_LITERAL_CONVERSION = YES;
				CLANG_WARN_OBJC_ROOT_CLASS = YES_ERROR;
				CLANG_WARN_RANGE_LOOP_ANALYSIS = YES;
				CLANG_WARN_STRICT_PROTOTYPES = YES;
				CLANG_WARN_SUSPICIOUS_MOVE = YES;
				CLANG_WARN_UNGUARDED_AVAILABILITY = YES_AGGRESSIVE;
				CLANG_WARN_UNREACHABLE_CODE = YES;
				CLANG_WARN__DUPLICATE_METHOD_MATCH = YES;
				CODE_SIGN_IDENTITY = "iPhone Developer";
				COPY_PHASE_STRIP = NO;
				DEBUG_INFORMATION_FORMAT = dwarf;
				ENABLE_STRICT_OBJC_MSGSEND = YES;
				ENABLE_TESTABILITY = YES;
				GCC_C_LANGUAGE_STANDARD = gnu11;
				GCC_DYNAMIC_NO_PIC = NO;
				GCC_NO_COMMON_BLOCKS = YES;
				GCC_OPTIMIZATION_LEVEL = 0;
				GCC_PREPROCESSOR_DEFINITIONS = (
					"DEBUG=1",
					"$(inherited)",
				);
				GCC_WARN_64_TO_32_BIT_CONVERSION = YES;
				GCC_WARN_ABOUT_RETURN_TYPE = YES_ERROR;
				GCC_WARN_UNDECLARED_SELECTOR = YES;
				GCC_WARN_UNINITIALIZED_AUTOS = YES_AGGRESSIVE;
				GCC_WARN_UNUSED_FUNCTION = YES;
				GCC_WARN_UNUSED_VARIABLE = YES;
				IPHONEOS_DEPLOYMENT_TARGET = 12.2;
				MTL_ENABLE_DEBUG_INFO = INCLUDE_SOURCE;
				MTL_FAST_MATH = YES;
				ONLY_ACTIVE_ARCH = YES;
				SDKROOT = iphoneos;
				SWIFT_ACTIVE_COMPILATION_CONDITIONS = DEBUG;
				SWIFT_OPTIMIZATION_LEVEL = "-Onone";
			};
			name = Debug;
		};
		564F30942257614000BE141F /* Release */ = {
			isa = XCBuildConfiguration;
			buildSettings = {
				ALWAYS_SEARCH_USER_PATHS = NO;
				CLANG_ANALYZER_NONNULL = YES;
				CLANG_ANALYZER_NUMBER_OBJECT_CONVERSION = YES_AGGRESSIVE;
				CLANG_CXX_LANGUAGE_STANDARD = "gnu++14";
				CLANG_CXX_LIBRARY = "libc++";
				CLANG_ENABLE_MODULES = YES;
				CLANG_ENABLE_OBJC_ARC = YES;
				CLANG_ENABLE_OBJC_WEAK = YES;
				CLANG_WARN_BLOCK_CAPTURE_AUTORELEASING = YES;
				CLANG_WARN_BOOL_CONVERSION = YES;
				CLANG_WARN_COMMA = YES;
				CLANG_WARN_CONSTANT_CONVERSION = YES;
				CLANG_WARN_DEPRECATED_OBJC_IMPLEMENTATIONS = YES;
				CLANG_WARN_DIRECT_OBJC_ISA_USAGE = YES_ERROR;
				CLANG_WARN_DOCUMENTATION_COMMENTS = YES;
				CLANG_WARN_EMPTY_BODY = YES;
				CLANG_WARN_ENUM_CONVERSION = YES;
				CLANG_WARN_INFINITE_RECURSION = YES;
				CLANG_WARN_INT_CONVERSION = YES;
				CLANG_WARN_NON_LITERAL_NULL_CONVERSION = YES;
				CLANG_WARN_OBJC_IMPLICIT_RETAIN_SELF = YES;
				CLANG_WARN_OBJC_LITERAL_CONVERSION = YES;
				CLANG_WARN_OBJC_ROOT_CLASS = YES_ERROR;
				CLANG_WARN_RANGE_LOOP_ANALYSIS = YES;
				CLANG_WARN_STRICT_PROTOTYPES = YES;
				CLANG_WARN_SUSPICIOUS_MOVE = YES;
				CLANG_WARN_UNGUARDED_AVAILABILITY = YES_AGGRESSIVE;
				CLANG_WARN_UNREACHABLE_CODE = YES;
				CLANG_WARN__DUPLICATE_METHOD_MATCH = YES;
				CODE_SIGN_IDENTITY = "iPhone Developer";
				COPY_PHASE_STRIP = NO;
				DEBUG_INFORMATION_FORMAT = "dwarf-with-dsym";
				ENABLE_NS_ASSERTIONS = NO;
				ENABLE_STRICT_OBJC_MSGSEND = YES;
				GCC_C_LANGUAGE_STANDARD = gnu11;
				GCC_NO_COMMON_BLOCKS = YES;
				GCC_WARN_64_TO_32_BIT_CONVERSION = YES;
				GCC_WARN_ABOUT_RETURN_TYPE = YES_ERROR;
				GCC_WARN_UNDECLARED_SELECTOR = YES;
				GCC_WARN_UNINITIALIZED_AUTOS = YES_AGGRESSIVE;
				GCC_WARN_UNUSED_FUNCTION = YES;
				GCC_WARN_UNUSED_VARIABLE = YES;
				IPHONEOS_DEPLOYMENT_TARGET = 12.2;
				MTL_ENABLE_DEBUG_INFO = NO;
				MTL_FAST_MATH = YES;
				SDKROOT = iphoneos;
				SWIFT_COMPILATION_MODE = wholemodule;
				SWIFT_OPTIMIZATION_LEVEL = "-O";
				VALIDATE_PRODUCT = YES;
			};
			name = Release;
		};
		564F30962257614000BE141F /* Debug */ = {
			isa = XCBuildConfiguration;
			buildSettings = {
				ASSETCATALOG_COMPILER_APPICON_NAME = AppIcon;
				CODE_SIGN_STYLE = Automatic;
				INFOPLIST_FILE = Concentrate/Info.plist;
				LD_RUNPATH_SEARCH_PATHS = (
					"$(inherited)",
					"@executable_path/Frameworks",
				);
				PRODUCT_BUNDLE_IDENTIFIER = com.kadan.Concentrate;
				PRODUCT_NAME = "$(TARGET_NAME)";
				SWIFT_VERSION = 5.0;
				TARGETED_DEVICE_FAMILY = "1,2";
			};
			name = Debug;
		};
		564F30972257614000BE141F /* Release */ = {
			isa = XCBuildConfiguration;
			buildSettings = {
				ASSETCATALOG_COMPILER_APPICON_NAME = AppIcon;
				CODE_SIGN_STYLE = Automatic;
				INFOPLIST_FILE = Concentrate/Info.plist;
				LD_RUNPATH_SEARCH_PATHS = (
					"$(inherited)",
					"@executable_path/Frameworks",
				);
				PRODUCT_BUNDLE_IDENTIFIER = com.kadan.Concentrate;
				PRODUCT_NAME = "$(TARGET_NAME)";
				SWIFT_VERSION = 5.0;
				TARGETED_DEVICE_FAMILY = "1,2";
			};
			name = Release;
		};
/* End XCBuildConfiguration section */

/* Begin XCConfigurationList section */
		564F307E2257613E00BE141F /* Build configuration list for PBXProject "Concentrate" */ = {
			isa = XCConfigurationList;
			buildConfigurations = (
				564F30932257614000BE141F /* Debug */,
				564F30942257614000BE141F /* Release */,
			);
			defaultConfigurationIsVisible = 0;
			defaultConfigurationName = Release;
		};
		564F30952257614000BE141F /* Build configuration list for PBXNativeTarget "Concentrate" */ = {
			isa = XCConfigurationList;
			buildConfigurations = (
				564F30962257614000BE141F /* Debug */,
				564F30972257614000BE141F /* Release */,
			);
			defaultConfigurationIsVisible = 0;
			defaultConfigurationName = Release;
		};
/* End XCConfigurationList section */
	};
	rootObject = 564F307B2257613E00BE141F /* Project object */;
}
